# Curated lists — hand-edited. Movies could later be enriched via TMDB.
blogs:
  - title: "Claude Managed Agents: get to production 10x faster"
    source: "claude.com/blog"
    href: "https://claude.com/blog/claude-managed-agents"
  - title: "Breaking LLM Guardrails: A Hands-On Journey into Prompt Injection"
    source: "medium.com"
    href: "https://medium.com/@srijanadk/breaking-llm-guardrails-a-hands-on-journey-into-prompt-injection-e74c48a105b4"
  - title: "The month Generative AI lost its mojo"
    source: "garymarcus.substack.com"
    href: "https://garymarcus.substack.com/p/the-month-generative-ai-lost-its"
  - title: "Import AI 458: Reckoning with the future; and a singularity story"
    source: "importai.substack.com"
    href: "https://importai.substack.com/p/import-ai-458-reckoning-with-the"
  - title: "I built a list of 48 design skill files with custom styles for Claude"
    source: "reddit.com/r/ClaudeAI"
    href: "https://www.reddit.com/r/ClaudeAI/comments/1rx7v8i/i_built_a_list_of_48_design_skill_files_with/"
movies:
  - title: "Inception"
    meta: "Christopher Nolan · 2010"
    trailer: "https://www.youtube.com/watch?v=YoHD9XEInc0"
  - title: "Interstellar"
    meta: "Christopher Nolan · 2014"
    trailer: "https://www.youtube.com/watch?v=zSWdZVtXT7E"
  - title: "Avengers: Infinity War"
    meta: "Russo Brothers · 2018"
    trailer: "https://www.youtube.com/watch?v=QwievZ1Tx-8"
  - title: "The Godfather"
    meta: "Francis Ford Coppola · 1972"
    trailer: "https://www.youtube.com/watch?v=UaVTIH8mujA"
  - title: "Coach Carter"
    meta: "Thomas Carter · 2005"
    trailer: "https://www.youtube.com/watch?v=d_GleoanbPE"
