# Curated lists — hand-edited. Movies could later be enriched via TMDB.
blogs:
  - title: "Building effective agents"
    source: "anthropic.com/research"
    href: "#"
  - title: "The Bitter Lesson"
    source: "incompleteideas.net"
    href: "#"
  - title: "Situational Awareness"
    source: "situational-awareness.ai"
    href: "#"
  - title: "Latency Numbers Every Programmer Should Know"
    source: "gist.github.com/jboner"
    href: "#"
movies:
  - title: "Inception"
    meta: "Christopher Nolan · 2010"
    trailer: "https://www.youtube.com/watch?v=YoHD9XEInc0"
  - title: "Interstellar"
    meta: "Christopher Nolan · 2014"
    trailer: "https://www.youtube.com/watch?v=zSWdZVtXT7E"
  - title: "Avengers: Infinity War"
    meta: "Russo Brothers · 2018"
    trailer: "https://www.youtube.com/watch?v=QwievZ1Tx-8"
  - title: "The Godfather"
    meta: "Francis Ford Coppola · 1972"
    trailer: "https://www.youtube.com/watch?v=UaVTIH8mujA"
  - title: "Coach Carter"
    meta: "Thomas Carter · 2005"
    trailer: "https://www.youtube.com/watch?v=d_GleoanbPE"
